
Microsoft Visual Studio Solution File, Format Version 12.00
# Visual Studio Version 17
VisualStudioVersion = 17.6.33723.286
MinimumVisualStudioVersion = 10.0.40219.1
Project("{FAE04EC0-301F-11D3-BF4B-00C04F79EFBC}") = "GroupStudent", "GroupStudent\GroupStudent.csproj", "{8E6BE0CB-04F7-413F-B374-395EDFA83863}"
EndProject
Global
	GlobalSection(SolutionConfigurationPlatforms) = preSolution
		Debug|Any CPU = Debug|Any CPU
		Release|Any CPU = Release|Any CPU
	EndGlobalSection
	GlobalSection(ProjectConfigurationPlatforms) = postSolution
		{8E6BE0CB-04F7-413F-B374-395EDFA83863}.Debug|Any CPU.ActiveCfg = Debug|Any CPU
		{8E6BE0CB-04F7-413F-B374-395EDFA83863}.Debug|Any CPU.Build.0 = Debug|Any CPU
		{8E6BE0CB-04F7-413F-B374-395EDFA83863}.Release|Any CPU.ActiveCfg = Release|Any CPU
		{8E6BE0CB-04F7-413F-B374-395EDFA83863}.Release|Any CPU.Build.0 = Release|Any CPU
	EndGlobalSection
	GlobalSection(SolutionProperties) = preSolution
		HideSolutionNode = FALSE
	EndGlobalSection
	GlobalSection(ExtensibilityGlobals) = postSolution
		SolutionGuid = {2527E808-436C-4B0B-BE49-5D58DDE967C7}
	EndGlobalSection
EndGlobal
